
Microsoft Visual Studio Solution File, Format Version 12.00
# Visual Studio 15
VisualStudioVersion = 15.0.28307.329
MinimumVisualStudioVersion = 10.0.40219.1
Project("{FAE04EC0-301F-11D3-BF4B-00C04F79EFBC}") = "Service_plan_form", "Service_plan_form\Service_plan_form.csproj", "{978E8205-DD13-4B58-9D0E-3BE2A9A58859}"
EndProject
Project("{FAE04EC0-301F-11D3-BF4B-00C04F79EFBC}") = "Service_plan_form_test", "Service_plan_form_test_Framework\Service_plan_form_test.csproj", "{8E582269-07D1-4EB0-A902-D9105081A8EE}"
EndProject
Global
	GlobalSection(SolutionConfigurationPlatforms) = preSolution
		Debug|Any CPU = Debug|Any CPU
		Release|Any CPU = Release|Any CPU
	EndGlobalSection
	GlobalSection(ProjectConfigurationPlatforms) = postSolution
		{978E8205-DD13-4B58-9D0E-3BE2A9A58859}.Debug|Any CPU.ActiveCfg = Debug|Any CPU
		{978E8205-DD13-4B58-9D0E-3BE2A9A58859}.Debug|Any CPU.Build.0 = Debug|Any CPU
		{978E8205-DD13-4B58-9D0E-3BE2A9A58859}.Release|Any CPU.ActiveCfg = Release|Any CPU
		{978E8205-DD13-4B58-9D0E-3BE2A9A58859}.Release|Any CPU.Build.0 = Release|Any CPU
		{8E582269-07D1-4EB0-A902-D9105081A8EE}.Debug|Any CPU.ActiveCfg = Debug|Any CPU
		{8E582269-07D1-4EB0-A902-D9105081A8EE}.Debug|Any CPU.Build.0 = Debug|Any CPU
		{8E582269-07D1-4EB0-A902-D9105081A8EE}.Release|Any CPU.ActiveCfg = Release|Any CPU
		{8E582269-07D1-4EB0-A902-D9105081A8EE}.Release|Any CPU.Build.0 = Release|Any CPU
	EndGlobalSection
	GlobalSection(SolutionProperties) = preSolution
		HideSolutionNode = FALSE
	EndGlobalSection
	GlobalSection(ExtensibilityGlobals) = postSolution
		SolutionGuid = {1DC3018C-011E-4BC6-8B76-C823D4D6E112}
	EndGlobalSection
EndGlobal
